
Microsoft Visual Studio Solution File, Format Version 12.00
# Visual Studio Version 17
VisualStudioVersion = 17.7.34024.191
MinimumVisualStudioVersion = 10.0.40219.1
Project("{FAE04EC0-301F-11D3-BF4B-00C04F79EFBC}") = "Lj2Dd1En2", "Lj2Dd1En2\Lj2Dd1En2.csproj", "{CC18B2EE-09B4-4E41-9214-2321D7FE0779}"
EndProject
Global
	GlobalSection(SolutionConfigurationPlatforms) = preSolution
		Debug|Any CPU = Debug|Any CPU
		Release|Any CPU = Release|Any CPU
	EndGlobalSection
	GlobalSection(ProjectConfigurationPlatforms) = postSolution
		{CC18B2EE-09B4-4E41-9214-2321D7FE0779}.Debug|Any CPU.ActiveCfg = Debug|Any CPU
		{CC18B2EE-09B4-4E41-9214-2321D7FE0779}.Debug|Any CPU.Build.0 = Debug|Any CPU
		{CC18B2EE-09B4-4E41-9214-2321D7FE0779}.Release|Any CPU.ActiveCfg = Release|Any CPU
		{CC18B2EE-09B4-4E41-9214-2321D7FE0779}.Release|Any CPU.Build.0 = Release|Any CPU
	EndGlobalSection
	GlobalSection(SolutionProperties) = preSolution
		HideSolutionNode = FALSE
	EndGlobalSection
	GlobalSection(ExtensibilityGlobals) = postSolution
		SolutionGuid = {C4CAB87D-C5AF-464B-85C8-18A035405352}
	EndGlobalSection
EndGlobal
